// !$*UTF8*$!
{
	archiveVersion = 1;
	classes = {
	};
	objectVersion = 56;
	objects = {

/* Begin PBXBuildFile section */
		55DF28972C74D0E0005762BC /* SwiftToolKitApp.swift in Sources */ = {isa = PBXBuildFile; fileRef = 55DF28962C74D0E0005762BC /* SwiftToolKitApp.swift */; };
		55DF28992C74D0E0005762BC /* ContentView.swift in Sources */ = {isa = PBXBuildFile; fileRef = 55DF28982C74D0E0005762BC /* ContentView.swift */; };
		55DF289B2C74D0E1005762BC /* Assets.xcassets in Resources */ = {isa = PBXBuildFile; fileRef = 55DF289A2C74D0E1005762BC /* Assets.xcassets */; };
		55DF289E2C74D0E1005762BC /* Preview Assets.xcassets in Resources */ = {isa = PBXBuildFile; fileRef = 55DF289D2C74D0E1005762BC /* Preview Assets.xcassets */; };
		55DF28A62C74D700005762BC /* Undefined.swift in Sources */ = {isa = PBXBuildFile; fileRef = 55DF28A52C74D700005762BC /* Undefined.swift */; };
		55DF28A82C74D79D005762BC /* Configurable.swift in Sources */ = {isa = PBXBuildFile; fileRef = 55DF28A72C74D79D005762BC /* Configurable.swift */; };
		55DF28AA2C74D80A005762BC /* ArrayBuilder.swift in Sources */ = {isa = PBXBuildFile; fileRef = 55DF28A92C74D80A005762BC /* ArrayBuilder.swift */; };
		55DF28AC2C74D81E005762BC /* DictionaryBuilder.swift in Sources */ = {isa = PBXBuildFile; fileRef = 55DF28AB2C74D81E005762BC /* DictionaryBuilder.swift */; };
		55DF28B02C74D8F9005762BC /* Collection+Extensions.swift in Sources */ = {isa = PBXBuildFile; fileRef = 55DF28AF2C74D8F9005762BC /* Collection+Extensions.swift */; };
		55DF28B22C7CB142005762BC /* Optional+Extensions.swift in Sources */ = {isa = PBXBuildFile; fileRef = 55DF28B12C7CB142005762BC /* Optional+Extensions.swift */; };
		55DF28B42C7CCB61005762BC /* Array+Extensions.swift in Sources */ = {isa = PBXBuildFile; fileRef = 55DF28B32C7CCB61005762BC /* Array+Extensions.swift */; };
		55DF28B62C7CCC00005762BC /* Dictionary+Extensions.swift in Sources */ = {isa = PBXBuildFile; fileRef = 55DF28B52C7CCC00005762BC /* Dictionary+Extensions.swift */; };
		55DF28B82C7CCC84005762BC /* Sequence+Extensions.swift in Sources */ = {isa = PBXBuildFile; fileRef = 55DF28B72C7CCC84005762BC /* Sequence+Extensions.swift */; };
		55DF28BA2C7CCF37005762BC /* Result+Extensions.swift in Sources */ = {isa = PBXBuildFile; fileRef = 55DF28B92C7CCF37005762BC /* Result+Extensions.swift */; };
		55DF28BD2C7CD033005762BC /* Date+Extensions.swift in Sources */ = {isa = PBXBuildFile; fileRef = 55DF28BC2C7CD033005762BC /* Date+Extensions.swift */; };
		55DF28BF2C7CD22A005762BC /* Comparable+Extensions.swift in Sources */ = {isa = PBXBuildFile; fileRef = 55DF28BE2C7CD22A005762BC /* Comparable+Extensions.swift */; };
		55DF28C22C7CD365005762BC /* EdgeInsets+Extensions.swift in Sources */ = {isa = PBXBuildFile; fileRef = 55DF28C12C7CD365005762BC /* EdgeInsets+Extensions.swift */; };
		55DF28C42C7CD425005762BC /* EnvironmentValues+Extensions.swift in Sources */ = {isa = PBXBuildFile; fileRef = 55DF28C32C7CD425005762BC /* EnvironmentValues+Extensions.swift */; };
		55DF28C62C7CD476005762BC /* View+Extensions.swift in Sources */ = {isa = PBXBuildFile; fileRef = 55DF28C52C7CD476005762BC /* View+Extensions.swift */; };
		55DF28C82C7CD50B005762BC /* Shape+Extensions.swift in Sources */ = {isa = PBXBuildFile; fileRef = 55DF28C72C7CD50B005762BC /* Shape+Extensions.swift */; };
		55DF28CA2C7CD532005762BC /* Binding+Extensions.swift in Sources */ = {isa = PBXBuildFile; fileRef = 55DF28C92C7CD532005762BC /* Binding+Extensions.swift */; };
		55DF28CC2C7CD566005762BC /* Toggle+Extensions.swift in Sources */ = {isa = PBXBuildFile; fileRef = 55DF28CB2C7CD566005762BC /* Toggle+Extensions.swift */; };
		55DF28D02C7CD6A0005762BC /* Alamofire in Frameworks */ = {isa = PBXBuildFile; productRef = 55DF28CF2C7CD6A0005762BC /* Alamofire */; };
		55DF28D22C7CD6A0005762BC /* AlamofireDynamic in Frameworks */ = {isa = PBXBuildFile; productRef = 55DF28D12C7CD6A0005762BC /* AlamofireDynamic */; };
		55DF28D42C7CD6D7005762BC /* Route.swift in Sources */ = {isa = PBXBuildFile; fileRef = 55DF28D32C7CD6D7005762BC /* Route.swift */; };
		55DF28D72C7CD8C5005762BC /* Endpoint.swift in Sources */ = {isa = PBXBuildFile; fileRef = 55DF28D62C7CD8C5005762BC /* Endpoint.swift */; };
		55DF28D92C7CD94D005762BC /* NetworkError.swift in Sources */ = {isa = PBXBuildFile; fileRef = 55DF28D82C7CD94D005762BC /* NetworkError.swift */; };
		55DF28DC2C7CD9F8005762BC /* AuthenticationError.swift in Sources */ = {isa = PBXBuildFile; fileRef = 55DF28DB2C7CD9F8005762BC /* AuthenticationError.swift */; };
		55DF28DE2C7CDA5B005762BC /* Network.swift in Sources */ = {isa = PBXBuildFile; fileRef = 55DF28DD2C7CDA5B005762BC /* Network.swift */; };
		55DF28E02C7CDADA005762BC /* NetworkService.swift in Sources */ = {isa = PBXBuildFile; fileRef = 55DF28DF2C7CDADA005762BC /* NetworkService.swift */; };
		55DF28E32C7CDB29005762BC /* Logger+Extensions.swift in Sources */ = {isa = PBXBuildFile; fileRef = 55DF28E22C7CDB29005762BC /* Logger+Extensions.swift */; };
		55DF28E52C7CDB61005762BC /* StringInterpolation+Extensions.swift in Sources */ = {isa = PBXBuildFile; fileRef = 55DF28E42C7CDB61005762BC /* StringInterpolation+Extensions.swift */; };
/* End PBXBuildFile section */

/* Begin PBXFileReference section */
		55DF28932C74D0E0005762BC /* Swift Tool Kit.app */ = {isa = PBXFileReference; explicitFileType = wrapper.application; includeInIndex = 0; path = "Swift Tool Kit.app"; sourceTree = BUILT_PRODUCTS_DIR; };
		55DF28962C74D0E0005762BC /* SwiftToolKitApp.swift */ = {isa = PBXFileReference; lastKnownFileType = sourcecode.swift; path = SwiftToolKitApp.swift; sourceTree = "<group>"; };
		55DF28982C74D0E0005762BC /* ContentView.swift */ = {isa = PBXFileReference; lastKnownFileType = sourcecode.swift; path = ContentView.swift; sourceTree = "<group>"; };
		55DF289A2C74D0E1005762BC /* Assets.xcassets */ = {isa = PBXFileReference; lastKnownFileType = folder.assetcatalog; path = Assets.xcassets; sourceTree = "<group>"; };
		55DF289D2C74D0E1005762BC /* Preview Assets.xcassets */ = {isa = PBXFileReference; lastKnownFileType = folder.assetcatalog; path = "Preview Assets.xcassets"; sourceTree = "<group>"; };
		55DF28A52C74D700005762BC /* Undefined.swift */ = {isa = PBXFileReference; lastKnownFileType = sourcecode.swift; path = Undefined.swift; sourceTree = "<group>"; };
		55DF28A72C74D79D005762BC /* Configurable.swift */ = {isa = PBXFileReference; lastKnownFileType = sourcecode.swift; path = Configurable.swift; sourceTree = "<group>"; };
		55DF28A92C74D80A005762BC /* ArrayBuilder.swift */ = {isa = PBXFileReference; lastKnownFileType = sourcecode.swift; path = ArrayBuilder.swift; sourceTree = "<group>"; };
		55DF28AB2C74D81E005762BC /* DictionaryBuilder.swift */ = {isa = PBXFileReference; lastKnownFileType = sourcecode.swift; path = DictionaryBuilder.swift; sourceTree = "<group>"; };
		55DF28AF2C74D8F9005762BC /* Collection+Extensions.swift */ = {isa = PBXFileReference; lastKnownFileType = sourcecode.swift; path = "Collection+Extensions.swift"; sourceTree = "<group>"; };
		55DF28B12C7CB142005762BC /* Optional+Extensions.swift */ = {isa = PBXFileReference; lastKnownFileType = sourcecode.swift; path = "Optional+Extensions.swift"; sourceTree = "<group>"; };
		55DF28B32C7CCB61005762BC /* Array+Extensions.swift */ = {isa = PBXFileReference; lastKnownFileType = sourcecode.swift; path = "Array+Extensions.swift"; sourceTree = "<group>"; };
		55DF28B52C7CCC00005762BC /* Dictionary+Extensions.swift */ = {isa = PBXFileReference; lastKnownFileType = sourcecode.swift; path = "Dictionary+Extensions.swift"; sourceTree = "<group>"; };
		55DF28B72C7CCC84005762BC /* Sequence+Extensions.swift */ = {isa = PBXFileReference; lastKnownFileType = sourcecode.swift; path = "Sequence+Extensions.swift"; sourceTree = "<group>"; };
		55DF28B92C7CCF37005762BC /* Result+Extensions.swift */ = {isa = PBXFileReference; lastKnownFileType = sourcecode.swift; path = "Result+Extensions.swift"; sourceTree = "<group>"; };
		55DF28BC2C7CD033005762BC /* Date+Extensions.swift */ = {isa = PBXFileReference; lastKnownFileType = sourcecode.swift; path = "Date+Extensions.swift"; sourceTree = "<group>"; };
		55DF28BE2C7CD22A005762BC /* Comparable+Extensions.swift */ = {isa = PBXFileReference; lastKnownFileType = sourcecode.swift; path = "Comparable+Extensions.swift"; sourceTree = "<group>"; };
		55DF28C12C7CD365005762BC /* EdgeInsets+Extensions.swift */ = {isa = PBXFileReference; lastKnownFileType = sourcecode.swift; path = "EdgeInsets+Extensions.swift"; sourceTree = "<group>"; };
		55DF28C32C7CD425005762BC /* EnvironmentValues+Extensions.swift */ = {isa = PBXFileReference; lastKnownFileType = sourcecode.swift; path = "EnvironmentValues+Extensions.swift"; sourceTree = "<group>"; };
		55DF28C52C7CD476005762BC /* View+Extensions.swift */ = {isa = PBXFileReference; lastKnownFileType = sourcecode.swift; path = "View+Extensions.swift"; sourceTree = "<group>"; };
		55DF28C72C7CD50B005762BC /* Shape+Extensions.swift */ = {isa = PBXFileReference; lastKnownFileType = sourcecode.swift; path = "Shape+Extensions.swift"; sourceTree = "<group>"; };
		55DF28C92C7CD532005762BC /* Binding+Extensions.swift */ = {isa = PBXFileReference; lastKnownFileType = sourcecode.swift; path = "Binding+Extensions.swift"; sourceTree = "<group>"; };
		55DF28CB2C7CD566005762BC /* Toggle+Extensions.swift */ = {isa = PBXFileReference; lastKnownFileType = sourcecode.swift; path = "Toggle+Extensions.swift"; sourceTree = "<group>"; };
		55DF28D32C7CD6D7005762BC /* Route.swift */ = {isa = PBXFileReference; lastKnownFileType = sourcecode.swift; path = Route.swift; sourceTree = "<group>"; };
		55DF28D62C7CD8C5005762BC /* Endpoint.swift */ = {isa = PBXFileReference; lastKnownFileType = sourcecode.swift; path = Endpoint.swift; sourceTree = "<group>"; };
		55DF28D82C7CD94D005762BC /* NetworkError.swift */ = {isa = PBXFileReference; lastKnownFileType = sourcecode.swift; path = NetworkError.swift; sourceTree = "<group>"; };
		55DF28DB2C7CD9F8005762BC /* AuthenticationError.swift */ = {isa = PBXFileReference; lastKnownFileType = sourcecode.swift; path = AuthenticationError.swift; sourceTree = "<group>"; };
		55DF28DD2C7CDA5B005762BC /* Network.swift */ = {isa = PBXFileReference; lastKnownFileType = sourcecode.swift; path = Network.swift; sourceTree = "<group>"; };
		55DF28DF2C7CDADA005762BC /* NetworkService.swift */ = {isa = PBXFileReference; lastKnownFileType = sourcecode.swift; path = NetworkService.swift; sourceTree = "<group>"; };
		55DF28E22C7CDB29005762BC /* Logger+Extensions.swift */ = {isa = PBXFileReference; lastKnownFileType = sourcecode.swift; path = "Logger+Extensions.swift"; sourceTree = "<group>"; };
		55DF28E42C7CDB61005762BC /* StringInterpolation+Extensions.swift */ = {isa = PBXFileReference; lastKnownFileType = sourcecode.swift; path = "StringInterpolation+Extensions.swift"; sourceTree = "<group>"; };
/* End PBXFileReference section */

/* Begin PBXFrameworksBuildPhase section */
		55DF28902C74D0E0005762BC /* Frameworks */ = {
			isa = PBXFrameworksBuildPhase;
			buildActionMask = 2147483647;
			files = (
				55DF28D02C7CD6A0005762BC /* Alamofire in Frameworks */,
				55DF28D22C7CD6A0005762BC /* AlamofireDynamic in Frameworks */,
			);
			runOnlyForDeploymentPostprocessing = 0;
		};
/* End PBXFrameworksBuildPhase section */

/* Begin PBXGroup section */
		55DF288A2C74D0E0005762BC = {
			isa = PBXGroup;
			children = (
				55DF28952C74D0E0005762BC /* Swift Tool Kit */,
				55DF28942C74D0E0005762BC /* Products */,
			);
			sourceTree = "<group>";
		};
		55DF28942C74D0E0005762BC /* Products */ = {
			isa = PBXGroup;
			children = (
				55DF28932C74D0E0005762BC /* Swift Tool Kit.app */,
			);
			name = Products;
			sourceTree = "<group>";
		};
		55DF28952C74D0E0005762BC /* Swift Tool Kit */ = {
			isa = PBXGroup;
			children = (
				55DF28962C74D0E0005762BC /* SwiftToolKitApp.swift */,
				55DF28AD2C74D8D9005762BC /* Extensions */,
				55DF28A42C74D6F2005762BC /* Utility */,
				55DF28CD2C7CD675005762BC /* Network */,
				55DF28982C74D0E0005762BC /* ContentView.swift */,
				55DF289A2C74D0E1005762BC /* Assets.xcassets */,
				55DF289C2C74D0E1005762BC /* Preview Content */,
			);
			path = "Swift Tool Kit";
			sourceTree = "<group>";
		};
		55DF289C2C74D0E1005762BC /* Preview Content */ = {
			isa = PBXGroup;
			children = (
				55DF289D2C74D0E1005762BC /* Preview Assets.xcassets */,
			);
			path = "Preview Content";
			sourceTree = "<group>";
		};
		55DF28A42C74D6F2005762BC /* Utility */ = {
			isa = PBXGroup;
			children = (
				55DF28A52C74D700005762BC /* Undefined.swift */,
				55DF28A72C74D79D005762BC /* Configurable.swift */,
				55DF28A92C74D80A005762BC /* ArrayBuilder.swift */,
				55DF28AB2C74D81E005762BC /* DictionaryBuilder.swift */,
			);
			path = Utility;
			sourceTree = "<group>";
		};
		55DF28AD2C74D8D9005762BC /* Extensions */ = {
			isa = PBXGroup;
			children = (
				55DF28E12C7CDB20005762BC /* OS */,
				55DF28C02C7CD35B005762BC /* SwiftUI */,
				55DF28BB2C7CD02B005762BC /* Foundation */,
				55DF28AE2C74D8E2005762BC /* Swift */,
			);
			path = Extensions;
			sourceTree = "<group>";
		};
		55DF28AE2C74D8E2005762BC /* Swift */ = {
			isa = PBXGroup;
			children = (
				55DF28AF2C74D8F9005762BC /* Collection+Extensions.swift */,
				55DF28B12C7CB142005762BC /* Optional+Extensions.swift */,
				55DF28B32C7CCB61005762BC /* Array+Extensions.swift */,
				55DF28B52C7CCC00005762BC /* Dictionary+Extensions.swift */,
				55DF28B72C7CCC84005762BC /* Sequence+Extensions.swift */,
				55DF28B92C7CCF37005762BC /* Result+Extensions.swift */,
				55DF28E42C7CDB61005762BC /* StringInterpolation+Extensions.swift */,
			);
			path = Swift;
			sourceTree = "<group>";
		};
		55DF28BB2C7CD02B005762BC /* Foundation */ = {
			isa = PBXGroup;
			children = (
				55DF28BC2C7CD033005762BC /* Date+Extensions.swift */,
				55DF28BE2C7CD22A005762BC /* Comparable+Extensions.swift */,
			);
			path = Foundation;
			sourceTree = "<group>";
		};
		55DF28C02C7CD35B005762BC /* SwiftUI */ = {
			isa = PBXGroup;
			children = (
				55DF28C12C7CD365005762BC /* EdgeInsets+Extensions.swift */,
				55DF28C32C7CD425005762BC /* EnvironmentValues+Extensions.swift */,
				55DF28C52C7CD476005762BC /* View+Extensions.swift */,
				55DF28C72C7CD50B005762BC /* Shape+Extensions.swift */,
				55DF28C92C7CD532005762BC /* Binding+Extensions.swift */,
				55DF28CB2C7CD566005762BC /* Toggle+Extensions.swift */,
			);
			path = SwiftUI;
			sourceTree = "<group>";
		};
		55DF28CD2C7CD675005762BC /* Network */ = {
			isa = PBXGroup;
			children = (
				55DF28DA2C7CD9ED005762BC /* Authentication */,
				55DF28D52C7CD8BB005762BC /* Endpoint */,
				55DF28D32C7CD6D7005762BC /* Route.swift */,
				55DF28D82C7CD94D005762BC /* NetworkError.swift */,
				55DF28DD2C7CDA5B005762BC /* Network.swift */,
				55DF28DF2C7CDADA005762BC /* NetworkService.swift */,
			);
			path = Network;
			sourceTree = "<group>";
		};
		55DF28D52C7CD8BB005762BC /* Endpoint */ = {
			isa = PBXGroup;
			children = (
				55DF28D62C7CD8C5005762BC /* Endpoint.swift */,
			);
			path = Endpoint;
			sourceTree = "<group>";
		};
		55DF28DA2C7CD9ED005762BC /* Authentication */ = {
			isa = PBXGroup;
			children = (
				55DF28DB2C7CD9F8005762BC /* AuthenticationError.swift */,
			);
			path = Authentication;
			sourceTree = "<group>";
		};
		55DF28E12C7CDB20005762BC /* OS */ = {
			isa = PBXGroup;
			children = (
				55DF28E22C7CDB29005762BC /* Logger+Extensions.swift */,
			);
			path = OS;
			sourceTree = "<group>";
		};
/* End PBXGroup section */

/* Begin PBXNativeTarget section */
		55DF28922C74D0E0005762BC /* Swift Tool Kit */ = {
			isa = PBXNativeTarget;
			buildConfigurationList = 55DF28A12C74D0E1005762BC /* Build configuration list for PBXNativeTarget "Swift Tool Kit" */;
			buildPhases = (
				55DF288F2C74D0E0005762BC /* Sources */,
				55DF28902C74D0E0005762BC /* Frameworks */,
				55DF28912C74D0E0005762BC /* Resources */,
			);
			buildRules = (
			);
			dependencies = (
			);
			name = "Swift Tool Kit";
			packageProductDependencies = (
				55DF28CF2C7CD6A0005762BC /* Alamofire */,
				55DF28D12C7CD6A0005762BC /* AlamofireDynamic */,
			);
			productName = "Swift Tool Kit";
			productReference = 55DF28932C74D0E0005762BC /* Swift Tool Kit.app */;
			productType = "com.apple.product-type.application";
		};
/* End PBXNativeTarget section */

/* Begin PBXProject section */
		55DF288B2C74D0E0005762BC /* Project object */ = {
			isa = PBXProject;
			attributes = {
				BuildIndependentTargetsInParallel = 1;
				LastSwiftUpdateCheck = 1540;
				LastUpgradeCheck = 1540;
				TargetAttributes = {
					55DF28922C74D0E0005762BC = {
						CreatedOnToolsVersion = 15.4;
					};
				};
			};
			buildConfigurationList = 55DF288E2C74D0E0005762BC /* Build configuration list for PBXProject "Swift Tool Kit" */;
			compatibilityVersion = "Xcode 14.0";
			developmentRegion = en;
			hasScannedForEncodings = 0;
			knownRegions = (
				en,
				Base,
			);
			mainGroup = 55DF288A2C74D0E0005762BC;
			packageReferences = (
				55DF28CE2C7CD6A0005762BC /* XCRemoteSwiftPackageReference "Alamofire" */,
			);
			productRefGroup = 55DF28942C74D0E0005762BC /* Products */;
			projectDirPath = "";
			projectRoot = "";
			targets = (
				55DF28922C74D0E0005762BC /* Swift Tool Kit */,
			);
		};
/* End PBXProject section */

/* Begin PBXResourcesBuildPhase section */
		55DF28912C74D0E0005762BC /* Resources */ = {
			isa = PBXResourcesBuildPhase;
			buildActionMask = 2147483647;
			files = (
				55DF289E2C74D0E1005762BC /* Preview Assets.xcassets in Resources */,
				55DF289B2C74D0E1005762BC /* Assets.xcassets in Resources */,
			);
			runOnlyForDeploymentPostprocessing = 0;
		};
/* End PBXResourcesBuildPhase section */

/* Begin PBXSourcesBuildPhase section */
		55DF288F2C74D0E0005762BC /* Sources */ = {
			isa = PBXSourcesBuildPhase;
			buildActionMask = 2147483647;
			files = (
				55DF28C22C7CD365005762BC /* EdgeInsets+Extensions.swift in Sources */,
				55DF28C42C7CD425005762BC /* EnvironmentValues+Extensions.swift in Sources */,
				55DF28D92C7CD94D005762BC /* NetworkError.swift in Sources */,
				55DF28E32C7CDB29005762BC /* Logger+Extensions.swift in Sources */,
				55DF28BA2C7CCF37005762BC /* Result+Extensions.swift in Sources */,
				55DF28992C74D0E0005762BC /* ContentView.swift in Sources */,
				55DF28B42C7CCB61005762BC /* Array+Extensions.swift in Sources */,
				55DF28BD2C7CD033005762BC /* Date+Extensions.swift in Sources */,
				55DF28972C74D0E0005762BC /* SwiftToolKitApp.swift in Sources */,
				55DF28CC2C7CD566005762BC /* Toggle+Extensions.swift in Sources */,
				55DF28C62C7CD476005762BC /* View+Extensions.swift in Sources */,
				55DF28DE2C7CDA5B005762BC /* Network.swift in Sources */,
				55DF28B02C74D8F9005762BC /* Collection+Extensions.swift in Sources */,
				55DF28C82C7CD50B005762BC /* Shape+Extensions.swift in Sources */,
				55DF28AA2C74D80A005762BC /* ArrayBuilder.swift in Sources */,
				55DF28D42C7CD6D7005762BC /* Route.swift in Sources */,
				55DF28AC2C74D81E005762BC /* DictionaryBuilder.swift in Sources */,
				55DF28E02C7CDADA005762BC /* NetworkService.swift in Sources */,
				55DF28B22C7CB142005762BC /* Optional+Extensions.swift in Sources */,
				55DF28B82C7CCC84005762BC /* Sequence+Extensions.swift in Sources */,
				55DF28B62C7CCC00005762BC /* Dictionary+Extensions.swift in Sources */,
				55DF28A82C74D79D005762BC /* Configurable.swift in Sources */,
				55DF28CA2C7CD532005762BC /* Binding+Extensions.swift in Sources */,
				55DF28A62C74D700005762BC /* Undefined.swift in Sources */,
				55DF28D72C7CD8C5005762BC /* Endpoint.swift in Sources */,
				55DF28E52C7CDB61005762BC /* StringInterpolation+Extensions.swift in Sources */,
				55DF28DC2C7CD9F8005762BC /* AuthenticationError.swift in Sources */,
				55DF28BF2C7CD22A005762BC /* Comparable+Extensions.swift in Sources */,
			);
			runOnlyForDeploymentPostprocessing = 0;
		};
/* End PBXSourcesBuildPhase section */

/* Begin XCBuildConfiguration section */
		55DF289F2C74D0E1005762BC /* Debug */ = {
			isa = XCBuildConfiguration;
			buildSettings = {
				ALWAYS_SEARCH_USER_PATHS = NO;
				ASSETCATALOG_COMPILER_GENERATE_SWIFT_ASSET_SYMBOL_EXTENSIONS = YES;
				CLANG_ANALYZER_NONNULL = YES;
				CLANG_ANALYZER_NUMBER_OBJECT_CONVERSION = YES_AGGRESSIVE;
				CLANG_CXX_LANGUAGE_STANDARD = "gnu++20";
				CLANG_ENABLE_MODULES = YES;
				CLANG_ENABLE_OBJC_ARC = YES;
				CLANG_ENABLE_OBJC_WEAK = YES;
				CLANG_WARN_BLOCK_CAPTURE_AUTORELEASING = YES;
				CLANG_WARN_BOOL_CONVERSION = YES;
				CLANG_WARN_COMMA = YES;
				CLANG_WARN_CONSTANT_CONVERSION = YES;
				CLANG_WARN_DEPRECATED_OBJC_IMPLEMENTATIONS = YES;
				CLANG_WARN_DIRECT_OBJC_ISA_USAGE = YES_ERROR;
				CLANG_WARN_DOCUMENTATION_COMMENTS = YES;
				CLANG_WARN_EMPTY_BODY = YES;
				CLANG_WARN_ENUM_CONVERSION = YES;
				CLANG_WARN_INFINITE_RECURSION = YES;
				CLANG_WARN_INT_CONVERSION = YES;
				CLANG_WARN_NON_LITERAL_NULL_CONVERSION = YES;
				CLANG_WARN_OBJC_IMPLICIT_RETAIN_SELF = YES;
				CLANG_WARN_OBJC_LITERAL_CONVERSION = YES;
				CLANG_WARN_OBJC_ROOT_CLASS = YES_ERROR;
				CLANG_WARN_QUOTED_INCLUDE_IN_FRAMEWORK_HEADER = YES;
				CLANG_WARN_RANGE_LOOP_ANALYSIS = YES;
				CLANG_WARN_STRICT_PROTOTYPES = YES;
				CLANG_WARN_SUSPICIOUS_MOVE = YES;
				CLANG_WARN_UNGUARDED_AVAILABILITY = YES_AGGRESSIVE;
				CLANG_WARN_UNREACHABLE_CODE = YES;
				CLANG_WARN__DUPLICATE_METHOD_MATCH = YES;
				COPY_PHASE_STRIP = NO;
				DEBUG_INFORMATION_FORMAT = dwarf;
				ENABLE_STRICT_OBJC_MSGSEND = YES;
				ENABLE_TESTABILITY = YES;
				ENABLE_USER_SCRIPT_SANDBOXING = YES;
				GCC_C_LANGUAGE_STANDARD = gnu17;
				GCC_DYNAMIC_NO_PIC = NO;
				GCC_NO_COMMON_BLOCKS = YES;
				GCC_OPTIMIZATION_LEVEL = 0;
				GCC_PREPROCESSOR_DEFINITIONS = (
					"DEBUG=1",
					"$(inherited)",
				);
				GCC_WARN_64_TO_32_BIT_CONVERSION = YES;
				GCC_WARN_ABOUT_RETURN_TYPE = YES_ERROR;
				GCC_WARN_UNDECLARED_SELECTOR = YES;
				GCC_WARN_UNINITIALIZED_AUTOS = YES_AGGRESSIVE;
				GCC_WARN_UNUSED_FUNCTION = YES;
				GCC_WARN_UNUSED_VARIABLE = YES;
				IPHONEOS_DEPLOYMENT_TARGET = 17.5;
				LOCALIZATION_PREFERS_STRING_CATALOGS = YES;
				MTL_ENABLE_DEBUG_INFO = INCLUDE_SOURCE;
				MTL_FAST_MATH = YES;
				ONLY_ACTIVE_ARCH = YES;
				SDKROOT = iphoneos;
				SWIFT_ACTIVE_COMPILATION_CONDITIONS = "DEBUG $(inherited)";
				SWIFT_OPTIMIZATION_LEVEL = "-Onone";
			};
			name = Debug;
		};
		55DF28A02C74D0E1005762BC /* Release */ = {
			isa = XCBuildConfiguration;
			buildSettings = {
				ALWAYS_SEARCH_USER_PATHS = NO;
				ASSETCATALOG_COMPILER_GENERATE_SWIFT_ASSET_SYMBOL_EXTENSIONS = YES;
				CLANG_ANALYZER_NONNULL = YES;
				CLANG_ANALYZER_NUMBER_OBJECT_CONVERSION = YES_AGGRESSIVE;
				CLANG_CXX_LANGUAGE_STANDARD = "gnu++20";
				CLANG_ENABLE_MODULES = YES;
				CLANG_ENABLE_OBJC_ARC = YES;
				CLANG_ENABLE_OBJC_WEAK = YES;
				CLANG_WARN_BLOCK_CAPTURE_AUTORELEASING = YES;
				CLANG_WARN_BOOL_CONVERSION = YES;
				CLANG_WARN_COMMA = YES;
				CLANG_WARN_CONSTANT_CONVERSION = YES;
				CLANG_WARN_DEPRECATED_OBJC_IMPLEMENTATIONS = YES;
				CLANG_WARN_DIRECT_OBJC_ISA_USAGE = YES_ERROR;
				CLANG_WARN_DOCUMENTATION_COMMENTS = YES;
				CLANG_WARN_EMPTY_BODY = YES;
				CLANG_WARN_ENUM_CONVERSION = YES;
				CLANG_WARN_INFINITE_RECURSION = YES;
				CLANG_WARN_INT_CONVERSION = YES;
				CLANG_WARN_NON_LITERAL_NULL_CONVERSION = YES;
				CLANG_WARN_OBJC_IMPLICIT_RETAIN_SELF = YES;
				CLANG_WARN_OBJC_LITERAL_CONVERSION = YES;
				CLANG_WARN_OBJC_ROOT_CLASS = YES_ERROR;
				CLANG_WARN_QUOTED_INCLUDE_IN_FRAMEWORK_HEADER = YES;
				CLANG_WARN_RANGE_LOOP_ANALYSIS = YES;
				CLANG_WARN_STRICT_PROTOTYPES = YES;
				CLANG_WARN_SUSPICIOUS_MOVE = YES;
				CLANG_WARN_UNGUARDED_AVAILABILITY = YES_AGGRESSIVE;
				CLANG_WARN_UNREACHABLE_CODE = YES;
				CLANG_WARN__DUPLICATE_METHOD_MATCH = YES;
				COPY_PHASE_STRIP = NO;
				DEBUG_INFORMATION_FORMAT = "dwarf-with-dsym";
				ENABLE_NS_ASSERTIONS = NO;
				ENABLE_STRICT_OBJC_MSGSEND = YES;
				ENABLE_USER_SCRIPT_SANDBOXING = YES;
				GCC_C_LANGUAGE_STANDARD = gnu17;
				GCC_NO_COMMON_BLOCKS = YES;
				GCC_WARN_64_TO_32_BIT_CONVERSION = YES;
				GCC_WARN_ABOUT_RETURN_TYPE = YES_ERROR;
				GCC_WARN_UNDECLARED_SELECTOR = YES;
				GCC_WARN_UNINITIALIZED_AUTOS = YES_AGGRESSIVE;
				GCC_WARN_UNUSED_FUNCTION = YES;
				GCC_WARN_UNUSED_VARIABLE = YES;
				IPHONEOS_DEPLOYMENT_TARGET = 17.5;
				LOCALIZATION_PREFERS_STRING_CATALOGS = YES;
				MTL_ENABLE_DEBUG_INFO = NO;
				MTL_FAST_MATH = YES;
				SDKROOT = iphoneos;
				SWIFT_COMPILATION_MODE = wholemodule;
				VALIDATE_PRODUCT = YES;
			};
			name = Release;
		};
		55DF28A22C74D0E1005762BC /* Debug */ = {
			isa = XCBuildConfiguration;
			buildSettings = {
				ASSETCATALOG_COMPILER_APPICON_NAME = AppIcon;
				ASSETCATALOG_COMPILER_GLOBAL_ACCENT_COLOR_NAME = AccentColor;
				CODE_SIGN_STYLE = Automatic;
				CURRENT_PROJECT_VERSION = 1;
				DEVELOPMENT_ASSET_PATHS = "\"Swift Tool Kit/Preview Content\"";
				DEVELOPMENT_TEAM = DK65XMHQHD;
				ENABLE_PREVIEWS = YES;
				GENERATE_INFOPLIST_FILE = YES;
				INFOPLIST_KEY_UIApplicationSceneManifest_Generation = YES;
				INFOPLIST_KEY_UIApplicationSupportsIndirectInputEvents = YES;
				INFOPLIST_KEY_UILaunchScreen_Generation = YES;
				INFOPLIST_KEY_UISupportedInterfaceOrientations_iPad = "UIInterfaceOrientationPortrait UIInterfaceOrientationPortraitUpsideDown UIInterfaceOrientationLandscapeLeft UIInterfaceOrientationLandscapeRight";
				INFOPLIST_KEY_UISupportedInterfaceOrientations_iPhone = "UIInterfaceOrientationPortrait UIInterfaceOrientationLandscapeLeft UIInterfaceOrientationLandscapeRight";
				LD_RUNPATH_SEARCH_PATHS = (
					"$(inherited)",
					"@executable_path/Frameworks",
				);
				MARKETING_VERSION = 1.0;
				PRODUCT_BUNDLE_IDENTIFIER = "nl.bennet.Swift-Tool-Kit";
				PRODUCT_NAME = "$(TARGET_NAME)";
				SWIFT_EMIT_LOC_STRINGS = YES;
				SWIFT_VERSION = 5.0;
				TARGETED_DEVICE_FAMILY = "1,2";
			};
			name = Debug;
		};
		55DF28A32C74D0E1005762BC /* Release */ = {
			isa = XCBuildConfiguration;
			buildSettings = {
				ASSETCATALOG_COMPILER_APPICON_NAME = AppIcon;
				ASSETCATALOG_COMPILER_GLOBAL_ACCENT_COLOR_NAME = AccentColor;
				CODE_SIGN_STYLE = Automatic;
				CURRENT_PROJECT_VERSION = 1;
				DEVELOPMENT_ASSET_PATHS = "\"Swift Tool Kit/Preview Content\"";
				DEVELOPMENT_TEAM = DK65XMHQHD;
				ENABLE_PREVIEWS = YES;
				GENERATE_INFOPLIST_FILE = YES;
				INFOPLIST_KEY_UIApplicationSceneManifest_Generation = YES;
				INFOPLIST_KEY_UIApplicationSupportsIndirectInputEvents = YES;
				INFOPLIST_KEY_UILaunchScreen_Generation = YES;
				INFOPLIST_KEY_UISupportedInterfaceOrientations_iPad = "UIInterfaceOrientationPortrait UIInterfaceOrientationPortraitUpsideDown UIInterfaceOrientationLandscapeLeft UIInterfaceOrientationLandscapeRight";
				INFOPLIST_KEY_UISupportedInterfaceOrientations_iPhone = "UIInterfaceOrientationPortrait UIInterfaceOrientationLandscapeLeft UIInterfaceOrientationLandscapeRight";
				LD_RUNPATH_SEARCH_PATHS = (
					"$(inherited)",
					"@executable_path/Frameworks",
				);
				MARKETING_VERSION = 1.0;
				PRODUCT_BUNDLE_IDENTIFIER = "nl.bennet.Swift-Tool-Kit";
				PRODUCT_NAME = "$(TARGET_NAME)";
				SWIFT_EMIT_LOC_STRINGS = YES;
				SWIFT_VERSION = 5.0;
				TARGETED_DEVICE_FAMILY = "1,2";
			};
			name = Release;
		};
/* End XCBuildConfiguration section */

/* Begin XCConfigurationList section */
		55DF288E2C74D0E0005762BC /* Build configuration list for PBXProject "Swift Tool Kit" */ = {
			isa = XCConfigurationList;
			buildConfigurations = (
				55DF289F2C74D0E1005762BC /* Debug */,
				55DF28A02C74D0E1005762BC /* Release */,
			);
			defaultConfigurationIsVisible = 0;
			defaultConfigurationName = Release;
		};
		55DF28A12C74D0E1005762BC /* Build configuration list for PBXNativeTarget "Swift Tool Kit" */ = {
			isa = XCConfigurationList;
			buildConfigurations = (
				55DF28A22C74D0E1005762BC /* Debug */,
				55DF28A32C74D0E1005762BC /* Release */,
			);
			defaultConfigurationIsVisible = 0;
			defaultConfigurationName = Release;
		};
/* End XCConfigurationList section */

/* Begin XCRemoteSwiftPackageReference section */
		55DF28CE2C7CD6A0005762BC /* XCRemoteSwiftPackageReference "Alamofire" */ = {
			isa = XCRemoteSwiftPackageReference;
			repositoryURL = "https://github.com/Alamofire/Alamofire.git";
			requirement = {
				kind = upToNextMajorVersion;
				minimumVersion = 5.9.1;
			};
		};
/* End XCRemoteSwiftPackageReference section */

/* Begin XCSwiftPackageProductDependency section */
		55DF28CF2C7CD6A0005762BC /* Alamofire */ = {
			isa = XCSwiftPackageProductDependency;
			package = 55DF28CE2C7CD6A0005762BC /* XCRemoteSwiftPackageReference "Alamofire" */;
			productName = Alamofire;
		};
		55DF28D12C7CD6A0005762BC /* AlamofireDynamic */ = {
			isa = XCSwiftPackageProductDependency;
			package = 55DF28CE2C7CD6A0005762BC /* XCRemoteSwiftPackageReference "Alamofire" */;
			productName = AlamofireDynamic;
		};
/* End XCSwiftPackageProductDependency section */
	};
	rootObject = 55DF288B2C74D0E0005762BC /* Project object */;
}
